
Microsoft Visual Studio Solution File, Format Version 12.00
# Visual Studio Version 16
VisualStudioVersion = 16.0.31911.196
MinimumVisualStudioVersion = 10.0.40219.1
Project("{8BC9CEB8-8B4A-11D0-8D11-00A0C91BC942}") = "lab8.1char", "lab8.1char\lab8.1char.vcxproj", "{C59AACF0-E64C-432B-AEE3-579EDD822DF0}"
EndProject
Project("{8BC9CEB8-8B4A-11D0-8D11-00A0C91BC942}") = "UnitTest1", "UnitTest1\UnitTest1.vcxproj", "{3810820A-9CC3-4A4F-8EBC-CF7C28ABBFF3}"
EndProject
Global
	GlobalSection(SolutionConfigurationPlatforms) = preSolution
		Debug|x64 = Debug|x64
		Debug|x86 = Debug|x86
		Release|x64 = Release|x64
		Release|x86 = Release|x86
	EndGlobalSection
	GlobalSection(ProjectConfigurationPlatforms) = postSolution
		{C59AACF0-E64C-432B-AEE3-579EDD822DF0}.Debug|x64.ActiveCfg = Debug|x64
		{C59AACF0-E64C-432B-AEE3-579EDD822DF0}.Debug|x64.Build.0 = Debug|x64
		{C59AACF0-E64C-432B-AEE3-579EDD822DF0}.Debug|x86.ActiveCfg = Debug|Win32
		{C59AACF0-E64C-432B-AEE3-579EDD822DF0}.Debug|x86.Build.0 = Debug|Win32
		{C59AACF0-E64C-432B-AEE3-579EDD822DF0}.Release|x64.ActiveCfg = Release|x64
		{C59AACF0-E64C-432B-AEE3-579EDD822DF0}.Release|x64.Build.0 = Release|x64
		{C59AACF0-E64C-432B-AEE3-579EDD822DF0}.Release|x86.ActiveCfg = Release|Win32
		{C59AACF0-E64C-432B-AEE3-579EDD822DF0}.Release|x86.Build.0 = Release|Win32
		{3810820A-9CC3-4A4F-8EBC-CF7C28ABBFF3}.Debug|x64.ActiveCfg = Debug|x64
		{3810820A-9CC3-4A4F-8EBC-CF7C28ABBFF3}.Debug|x64.Build.0 = Debug|x64
		{3810820A-9CC3-4A4F-8EBC-CF7C28ABBFF3}.Debug|x86.ActiveCfg = Debug|Win32
		{3810820A-9CC3-4A4F-8EBC-CF7C28ABBFF3}.Debug|x86.Build.0 = Debug|Win32
		{3810820A-9CC3-4A4F-8EBC-CF7C28ABBFF3}.Release|x64.ActiveCfg = Release|x64
		{3810820A-9CC3-4A4F-8EBC-CF7C28ABBFF3}.Release|x64.Build.0 = Release|x64
		{3810820A-9CC3-4A4F-8EBC-CF7C28ABBFF3}.Release|x86.ActiveCfg = Release|Win32
		{3810820A-9CC3-4A4F-8EBC-CF7C28ABBFF3}.Release|x86.Build.0 = Release|Win32
	EndGlobalSection
	GlobalSection(SolutionProperties) = preSolution
		HideSolutionNode = FALSE
	EndGlobalSection
	GlobalSection(ExtensibilityGlobals) = postSolution
		SolutionGuid = {A53A29F2-3E78-46CF-BB25-15BAD17B0E29}
	EndGlobalSection
EndGlobal
